
Microsoft Visual Studio Solution File, Format Version 12.00
# Visual Studio 15
VisualStudioVersion = 15.0.28307.572
MinimumVisualStudioVersion = 10.0.40219.1
Project("{FAE04EC0-301F-11D3-BF4B-00C04F79EFBC}") = "BowlingGameScoring2", "BowlingGameScoring2\BowlingGameScoring2.csproj", "{575BC220-ED66-4428-B368-556277BAA269}"
EndProject
Global
	GlobalSection(SolutionConfigurationPlatforms) = preSolution
		Debug|Any CPU = Debug|Any CPU
		Release|Any CPU = Release|Any CPU
	EndGlobalSection
	GlobalSection(ProjectConfigurationPlatforms) = postSolution
		{575BC220-ED66-4428-B368-556277BAA269}.Debug|Any CPU.ActiveCfg = Debug|Any CPU
		{575BC220-ED66-4428-B368-556277BAA269}.Debug|Any CPU.Build.0 = Debug|Any CPU
		{575BC220-ED66-4428-B368-556277BAA269}.Release|Any CPU.ActiveCfg = Release|Any CPU
		{575BC220-ED66-4428-B368-556277BAA269}.Release|Any CPU.Build.0 = Release|Any CPU
	EndGlobalSection
	GlobalSection(SolutionProperties) = preSolution
		HideSolutionNode = FALSE
	EndGlobalSection
	GlobalSection(ExtensibilityGlobals) = postSolution
		SolutionGuid = {EC183E30-BB62-4F5D-98DE-F56637DB9B19}
	EndGlobalSection
EndGlobal
